# THIS IS AN AUTOGENERATED FILE. DO NOT EDIT THIS FILE DIRECTLY.
# yarn lockfile v1


"@esbuild/darwin-arm64@0.25.0":
  version "0.25.0"
  resolved "https://registry.npmjs.org/@esbuild/darwin-arm64/-/darwin-arm64-0.25.0.tgz"
  integrity sha512-mVwdUb5SRkPayVadIOI78K7aAnPamoeFR2bT5nszFUZ9P8UpK4ratOdYbZZXYSqPKMHfS1wdHCJk1P1EZpRdvw==

"@types/node@^22.13.10":
  version "22.13.10"
  resolved "https://registry.npmjs.org/@types/node/-/node-22.13.10.tgz"
  integrity sha512-I6LPUvlRH+O6VRUqYOcMudhaIdUVWfsjnZavnsraHvpBwaEyMN29ry+0UVJhImYL16xsscu0aske3yA+uPOWfw==
  dependencies:
    undici-types "~6.20.0"

argparse@^1.0.7:
  version "1.0.10"
  resolved "https://registry.npmjs.org/argparse/-/argparse-1.0.10.tgz"
  integrity sha512-o5Roy6tNG4SL/FOkCAN6RzjiakZS25RLYFrcMttJqbdd8BWrnA+fGz57iN5Pb06pvBGvl5gQ0B48dJlslXvoTg==
  dependencies:
    sprintf-js "~1.0.2"

balanced-match@^1.0.0:
  version "1.0.2"
  resolved "https://registry.npmjs.org/balanced-match/-/balanced-match-1.0.2.tgz"
  integrity sha512-3oSeUO0TMV67hN1AmbXsK4yaqU7tjiHlbxRDZOpH0KW9+CeX4bRAaX0Anxt0tx2MrpRpWwQaPwIlISEJhYU5Pw==

brace-expansion@^1.1.7:
  version "1.1.11"
  resolved "https://registry.npmjs.org/brace-expansion/-/brace-expansion-1.1.11.tgz"
  integrity sha512-iCuPHDFgrHX7H2vEI/5xpz07zSHB00TpugqhmYtVmMO6518mCuRMoOYFldEBl0g187ufozdaHgWKcYFb61qGiA==
  dependencies:
    balanced-match "^1.0.0"
    concat-map "0.0.1"

concat-map@0.0.1:
  version "0.0.1"
  resolved "https://registry.npmjs.org/concat-map/-/concat-map-0.0.1.tgz"
  integrity sha512-/Srv4dswyQNBfohGpz9o6Yb3Gz3SrUDqBH5rTuhGR7ahtlbYKnVxw2bCFMRljaA7EXHaXZ8wsHdodFvbkhKmqg==

curl-generator@^0.4.1:
  version "0.4.1"
  resolved "https://registry.npmjs.org/curl-generator/-/curl-generator-0.4.1.tgz"
  integrity sha512-7eFnageM2mNeQhUuckwXRaoIbTP0RMszrpLw7Z6cyueLgNTGlvUImWugfM1ryhbdxCtJHN7JjKALLmx6fKPBYA==
  dependencies:
    ms "^2.0.0"

curlconverter@^4.12.0:
  version "4.12.0"
  resolved "https://registry.npmjs.org/curlconverter/-/curlconverter-4.12.0.tgz"
  integrity sha512-NcwPKJgu9DkCH4gQsnjnXuUtPrhLhoNwvIYTTS5rRrsCC/X2flUswtgmeCyV9ePGszXzFReXk5y/CdBxrsAQ8Q==
  dependencies:
    jsesc "^3.0.2"
    lossless-json "^4.0.2"
    tree-sitter "^0.21.1"
    tree-sitter-bash "^0.23.1"
    web-tree-sitter "^0.24.3"
    yamljs "^0.3.0"

dotenv@^16.4.7:
  version "16.4.7"
  resolved "https://registry.npmjs.org/dotenv/-/dotenv-16.4.7.tgz"
  integrity sha512-47qPchRCykZC03FhkYAhrvwU4xDBFIj1QPqaarj6mdM/hgUzfPHcpkHJOn3mJAufFeeAxAzeGsr5X0M4k6fLZQ==

esbuild@~0.25.0:
  version "0.25.0"
  resolved "https://registry.npmjs.org/esbuild/-/esbuild-0.25.0.tgz"
  integrity sha512-BXq5mqc8ltbaN34cDqWuYKyNhX8D/Z0J1xdtdQ8UcIIIyJyz+ZMKUt58tF3SrZ85jcfN/PZYhjR5uDQAYNVbuw==
  optionalDependencies:
    "@esbuild/aix-ppc64" "0.25.0"
    "@esbuild/android-arm" "0.25.0"
    "@esbuild/android-arm64" "0.25.0"
    "@esbuild/android-x64" "0.25.0"
    "@esbuild/darwin-arm64" "0.25.0"
    "@esbuild/darwin-x64" "0.25.0"
    "@esbuild/freebsd-arm64" "0.25.0"
    "@esbuild/freebsd-x64" "0.25.0"
    "@esbuild/linux-arm" "0.25.0"
    "@esbuild/linux-arm64" "0.25.0"
    "@esbuild/linux-ia32" "0.25.0"
    "@esbuild/linux-loong64" "0.25.0"
    "@esbuild/linux-mips64el" "0.25.0"
    "@esbuild/linux-ppc64" "0.25.0"
    "@esbuild/linux-riscv64" "0.25.0"
    "@esbuild/linux-s390x" "0.25.0"
    "@esbuild/linux-x64" "0.25.0"
    "@esbuild/netbsd-arm64" "0.25.0"
    "@esbuild/netbsd-x64" "0.25.0"
    "@esbuild/openbsd-arm64" "0.25.0"
    "@esbuild/openbsd-x64" "0.25.0"
    "@esbuild/sunos-x64" "0.25.0"
    "@esbuild/win32-arm64" "0.25.0"
    "@esbuild/win32-ia32" "0.25.0"
    "@esbuild/win32-x64" "0.25.0"

fs.realpath@^1.0.0:
  version "1.0.0"
  resolved "https://registry.npmjs.org/fs.realpath/-/fs.realpath-1.0.0.tgz"
  integrity sha512-OO0pH2lK6a0hZnAdau5ItzHPI6pUlvI7jMVnxUQRtw4owF2wk8lOSabtGDCTP4Ggrg2MbGnWO9X8K1t4+fGMDw==

get-tsconfig@^4.7.5:
  version "4.10.0"
  resolved "https://registry.npmjs.org/get-tsconfig/-/get-tsconfig-4.10.0.tgz"
  integrity sha512-kGzZ3LWWQcGIAmg6iWvXn0ei6WDtV26wzHRMwDSzmAbcXrTEXxHy6IehI6/4eT6VRKyMP1eF1VqwrVUmE/LR7A==
  dependencies:
    resolve-pkg-maps "^1.0.0"

glob@^7.0.5:
  version "7.2.3"
  resolved "https://registry.npmjs.org/glob/-/glob-7.2.3.tgz"
  integrity sha512-nFR0zLpU2YCaRxwoCJvL6UvCH2JFyFVIvwTLsIf21AuHlMskA1hhTdk+LlYJtOlYt9v6dvszD2BGRqBL+iQK9Q==
  dependencies:
    fs.realpath "^1.0.0"
    inflight "^1.0.4"
    inherits "2"
    minimatch "^3.1.1"
    once "^1.3.0"
    path-is-absolute "^1.0.0"

inflight@^1.0.4:
  version "1.0.6"
  resolved "https://registry.npmjs.org/inflight/-/inflight-1.0.6.tgz"
  integrity sha512-k92I/b08q4wvFscXCLvqfsHCrjrF7yiXsQuIVvVE7N82W3+aqpzuUdBbfhWcy/FZR3/4IgflMgKLOsvPDrGCJA==
  dependencies:
    once "^1.3.0"
    wrappy "1"

inherits@2:
  version "2.0.4"
  resolved "https://registry.npmjs.org/inherits/-/inherits-2.0.4.tgz"
  integrity sha512-k/vGaX4/Yla3WzyMCvTQOXYeIHvqOKtnqBduzTHpzpQZzAskKMhZ2K+EnBiSM9zGSoIFeMpXKxa4dYeZIQqewQ==

jsesc@^3.0.2:
  version "3.1.0"
  resolved "https://registry.npmjs.org/jsesc/-/jsesc-3.1.0.tgz"
  integrity sha512-/sM3dO2FOzXjKQhJuo0Q173wf2KOo8t4I8vHy6lF9poUp7bKT0/NHE8fPX23PwfhnykfqnC2xRxOnVw5XuGIaA==

lossless-json@^4.0.2:
  version "4.0.2"
  resolved "https://registry.npmjs.org/lossless-json/-/lossless-json-4.0.2.tgz"
  integrity sha512-+z0EaLi2UcWi8MZRxA5iTb6m4Ys4E80uftGY+yG5KNFJb5EceQXOhdW/pWJZ8m97s26u7yZZAYMcKWNztSZssA==

minimatch@^3.1.1:
  version "3.1.2"
  resolved "https://registry.npmjs.org/minimatch/-/minimatch-3.1.2.tgz"
  integrity sha512-J7p63hRiAjw1NDEww1W7i37+ByIrOWO5XQQAzZ3VOcL0PNybwpfmV/N05zFAzwQ9USyEcX6t3UO+K5aqBQOIHw==
  dependencies:
    brace-expansion "^1.1.7"

ms@^2.0.0:
  version "2.1.3"
  resolved "https://registry.npmjs.org/ms/-/ms-2.1.3.tgz"
  integrity sha512-6FlzubTLZG3J2a/NVCAleEhjzq5oxgHyaCU9yYXvcLsvoVaHJq/s5xXI6/XXP6tz7R9xAOtHnSO/tXtF3WRTlA==

node-addon-api@^8.0.0, node-addon-api@^8.2.1:
  version "8.3.1"
  resolved "https://registry.npmjs.org/node-addon-api/-/node-addon-api-8.3.1.tgz"
  integrity sha512-lytcDEdxKjGJPTLEfW4mYMigRezMlyJY8W4wxJK8zE533Jlb8L8dRuObJFWg2P+AuOIxoCgKF+2Oq4d4Zd0OUA==

node-gyp-build@^4.8.0, node-gyp-build@^4.8.2:
  version "4.8.4"
  resolved "https://registry.npmjs.org/node-gyp-build/-/node-gyp-build-4.8.4.tgz"
  integrity sha512-LA4ZjwlnUblHVgq0oBF3Jl/6h/Nvs5fzBLwdEF4nuxnFdsfajde4WfxtJr3CaiH+F6ewcIB/q4jQ4UzPyid+CQ==

once@^1.3.0:
  version "1.4.0"
  resolved "https://registry.npmjs.org/once/-/once-1.4.0.tgz"
  integrity sha512-lNaJgI+2Q5URQBkccEKHTQOPaXdUxnZZElQTZY0MFUAuaEqe1E+Nyvgdz/aIyNi6Z9MzO5dv1H8n58/GELp3+w==
  dependencies:
    wrappy "1"

path-is-absolute@^1.0.0:
  version "1.0.1"
  resolved "https://registry.npmjs.org/path-is-absolute/-/path-is-absolute-1.0.1.tgz"
  integrity sha512-AVbw3UJ2e9bq64vSaS9Am0fje1Pa8pbGqTTsmXfaIiMpnr5DlDhfJOuLj9Sf95ZPVDAUerDfEk88MPmPe7UCQg==

resolve-pkg-maps@^1.0.0:
  version "1.0.0"
  resolved "https://registry.npmjs.org/resolve-pkg-maps/-/resolve-pkg-maps-1.0.0.tgz"
  integrity sha512-seS2Tj26TBVOC2NIc2rOe2y2ZO7efxITtLZcGSOnHHNOQ7CkiUBfw0Iw2ck6xkIhPwLhKNLS8BO+hEpngQlqzw==

sprintf-js@~1.0.2:
  version "1.0.3"
  resolved "https://registry.npmjs.org/sprintf-js/-/sprintf-js-1.0.3.tgz"
  integrity sha512-D9cPgkvLlV3t3IzL0D0YLvGA9Ahk4PcvVwUbN0dSGr1aP0Nrt4AEnTUbuGvquEC0mA64Gqt1fzirlRs5ibXx8g==

tree-sitter-bash@^0.23.1:
  version "0.23.3"
  resolved "https://registry.npmjs.org/tree-sitter-bash/-/tree-sitter-bash-0.23.3.tgz"
  integrity sha512-36cg/GQ2YmIbeiBeqeuh4fBJ6i4kgVouDaqTxqih5ysPag+zHufyIaxMOFeM8CeplwAK/Luj1o5XHqgdAfoCZg==
  dependencies:
    node-addon-api "^8.2.1"
    node-gyp-build "^4.8.2"

tree-sitter@^0.21.1:
  version "0.21.1"
  resolved "https://registry.npmjs.org/tree-sitter/-/tree-sitter-0.21.1.tgz"
  integrity sha512-7dxoA6kYvtgWw80265MyqJlkRl4yawIjO7S5MigytjELkX43fV2WsAXzsNfO7sBpPPCF5Gp0+XzHk0DwLCq3xQ==
  dependencies:
    node-addon-api "^8.0.0"
    node-gyp-build "^4.8.0"

tsx@^4.19.3:
  version "4.19.3"
  resolved "https://registry.npmjs.org/tsx/-/tsx-4.19.3.tgz"
  integrity sha512-4H8vUNGNjQ4V2EOoGw005+c+dGuPSnhpPBPHBtsZdGZBk/iJb4kguGlPWaZTZ3q5nMtFOEsY0nRDlh9PJyd6SQ==
  dependencies:
    esbuild "~0.25.0"
    get-tsconfig "^4.7.5"
  optionalDependencies:
    fsevents "~2.3.3"

typescript@^5.8.2:
  version "5.8.2"
  resolved "https://registry.npmjs.org/typescript/-/typescript-5.8.2.tgz"
  integrity sha512-aJn6wq13/afZp/jT9QZmwEjDqqvSGp1VT5GVg+f/t6/oVyrgXM6BY1h9BRh/O5p3PlUPAe+WuiEZOmb/49RqoQ==

undici-types@~6.20.0:
  version "6.20.0"
  resolved "https://registry.npmjs.org/undici-types/-/undici-types-6.20.0.tgz"
  integrity sha512-Ny6QZ2Nju20vw1SRHe3d9jVu6gJ+4e3+MMpqu7pqE5HT6WsTSlce++GQmK5UXS8mzV8DSYHrQH+Xrf2jVcuKNg==

web-tree-sitter@^0.24.3:
  version "0.24.7"
  resolved "https://registry.npmjs.org/web-tree-sitter/-/web-tree-sitter-0.24.7.tgz"
  integrity sha512-CdC/TqVFbXqR+C51v38hv6wOPatKEUGxa39scAeFSm98wIhZxAYonhRQPSMmfZ2w7JDI0zQDdzdmgtNk06/krQ==

wrappy@1:
  version "1.0.2"
  resolved "https://registry.npmjs.org/wrappy/-/wrappy-1.0.2.tgz"
  integrity sha512-l4Sp/DRseor9wL6EvV2+TuQn63dMkPjZ/sp9XkghTEbV9KlPS1xUsZ3u7/IQO4wxtcFB4bgpQPRcR3QCvezPcQ==

yamljs@^0.3.0:
  version "0.3.0"
  resolved "https://registry.npmjs.org/yamljs/-/yamljs-0.3.0.tgz"
  integrity sha512-C/FsVVhht4iPQYXOInoxUM/1ELSf9EsgKH34FofQOp6hwCPrW4vG4w5++TED3xRUo8gD7l0P1J1dLlDYzODsTQ==
  dependencies:
    argparse "^1.0.7"
    glob "^7.0.5"
